
Microsoft Visual Studio Solution File, Format Version 12.00
# Visual Studio 15
VisualStudioVersion = 15.0.27130.0
MinimumVisualStudioVersion = 10.0.40219.1
Project("{FAE04EC0-301F-11D3-BF4B-00C04F79EFBC}") = "1-1_AssemblyDemo", "Reflection\1-1_AssemblyDemo.csproj", "{0E147388-2249-41C9-AAF4-33650FDFFAD3}"
EndProject
Project("{FAE04EC0-301F-11D3-BF4B-00C04F79EFBC}") = "0-2_Calculator.Test", "Calculator.Test\0-2_Calculator.Test.csproj", "{ED37239A-93E0-4B2C-98F8-1494687BD9BD}"
EndProject
Project("{FAE04EC0-301F-11D3-BF4B-00C04F79EFBC}") = "0-1_Calculator", "Calculator\0-1_Calculator.csproj", "{BF9E140D-8460-43EC-9C61-9AA096521F1F}"
EndProject
Project("{FAE04EC0-301F-11D3-BF4B-00C04F79EFBC}") = "1-2_AssemblyAttrDemo", "AssemblyAttrDemo\1-2_AssemblyAttrDemo.csproj", "{B31CE421-31C8-46B8-B8D1-56E0008A37D6}"
EndProject
Project("{FAE04EC0-301F-11D3-BF4B-00C04F79EFBC}") = "1-3_AssemblyDumping", "AssemblyDumping\1-3_AssemblyDumping.csproj", "{54DC2B00-B852-4A4F-9A80-FD6A64FBD88B}"
EndProject
Project("{FAE04EC0-301F-11D3-BF4B-00C04F79EFBC}") = "1-4_DynamicCodeDemo", "DynamicCodeDemo\1-4_DynamicCodeDemo.csproj", "{F2459CEF-1743-4813-8B29-A4B144A29DFC}"
EndProject
Project("{FAE04EC0-301F-11D3-BF4B-00C04F79EFBC}") = "1-5_DemoDynamic", "DemoDynamic\1-5_DemoDynamic.csproj", "{F55A9012-E0E1-4881-96C8-6D9011A0199A}"
EndProject
Project("{FAE04EC0-301F-11D3-BF4B-00C04F79EFBC}") = "2-1_DiagLog", "2-1_DiagLog\2-1_DiagLog.csproj", "{017267EA-30D2-416E-8DD6-477F64D23109}"
EndProject
Project("{FAE04EC0-301F-11D3-BF4B-00C04F79EFBC}") = "2-2_DiagLog", "2-2_DiagLog\2-2_DiagLog.csproj", "{381A36FB-26FE-4B2E-88C7-A7A668D67A0A}"
EndProject
Project("{FAE04EC0-301F-11D3-BF4B-00C04F79EFBC}") = "2-3_DiagLogMonitoring", "2-3_DiagLogMonitoring\2-3_DiagLogMonitoring.csproj", "{E4B98A91-0461-4896-827C-F2BBA444ACD3}"
EndProject
Project("{FAE04EC0-301F-11D3-BF4B-00C04F79EFBC}") = "2-4_PerformanceCounterDemo", "2-4_PerformanceCounterDemo\2-4_PerformanceCounterDemo.csproj", "{9D223D61-EC2B-44F4-8BFD-2E0A2736577C}"
EndProject
Global
	GlobalSection(SolutionConfigurationPlatforms) = preSolution
		Debug|Any CPU = Debug|Any CPU
		Release|Any CPU = Release|Any CPU
	EndGlobalSection
	GlobalSection(ProjectConfigurationPlatforms) = postSolution
		{0E147388-2249-41C9-AAF4-33650FDFFAD3}.Debug|Any CPU.ActiveCfg = Debug|Any CPU
		{0E147388-2249-41C9-AAF4-33650FDFFAD3}.Debug|Any CPU.Build.0 = Debug|Any CPU
		{0E147388-2249-41C9-AAF4-33650FDFFAD3}.Release|Any CPU.ActiveCfg = Release|Any CPU
		{0E147388-2249-41C9-AAF4-33650FDFFAD3}.Release|Any CPU.Build.0 = Release|Any CPU
		{ED37239A-93E0-4B2C-98F8-1494687BD9BD}.Debug|Any CPU.ActiveCfg = Debug|Any CPU
		{ED37239A-93E0-4B2C-98F8-1494687BD9BD}.Debug|Any CPU.Build.0 = Debug|Any CPU
		{ED37239A-93E0-4B2C-98F8-1494687BD9BD}.Release|Any CPU.ActiveCfg = Release|Any CPU
		{ED37239A-93E0-4B2C-98F8-1494687BD9BD}.Release|Any CPU.Build.0 = Release|Any CPU
		{BF9E140D-8460-43EC-9C61-9AA096521F1F}.Debug|Any CPU.ActiveCfg = Debug|Any CPU
		{BF9E140D-8460-43EC-9C61-9AA096521F1F}.Debug|Any CPU.Build.0 = Debug|Any CPU
		{BF9E140D-8460-43EC-9C61-9AA096521F1F}.Release|Any CPU.ActiveCfg = Release|Any CPU
		{BF9E140D-8460-43EC-9C61-9AA096521F1F}.Release|Any CPU.Build.0 = Release|Any CPU
		{B31CE421-31C8-46B8-B8D1-56E0008A37D6}.Debug|Any CPU.ActiveCfg = Debug|Any CPU
		{B31CE421-31C8-46B8-B8D1-56E0008A37D6}.Debug|Any CPU.Build.0 = Debug|Any CPU
		{B31CE421-31C8-46B8-B8D1-56E0008A37D6}.Release|Any CPU.ActiveCfg = Release|Any CPU
		{B31CE421-31C8-46B8-B8D1-56E0008A37D6}.Release|Any CPU.Build.0 = Release|Any CPU
		{54DC2B00-B852-4A4F-9A80-FD6A64FBD88B}.Debug|Any CPU.ActiveCfg = Debug|Any CPU
		{54DC2B00-B852-4A4F-9A80-FD6A64FBD88B}.Debug|Any CPU.Build.0 = Debug|Any CPU
		{54DC2B00-B852-4A4F-9A80-FD6A64FBD88B}.Release|Any CPU.ActiveCfg = Release|Any CPU
		{54DC2B00-B852-4A4F-9A80-FD6A64FBD88B}.Release|Any CPU.Build.0 = Release|Any CPU
		{F2459CEF-1743-4813-8B29-A4B144A29DFC}.Debug|Any CPU.ActiveCfg = Debug|Any CPU
		{F2459CEF-1743-4813-8B29-A4B144A29DFC}.Debug|Any CPU.Build.0 = Debug|Any CPU
		{F2459CEF-1743-4813-8B29-A4B144A29DFC}.Release|Any CPU.ActiveCfg = Release|Any CPU
		{F2459CEF-1743-4813-8B29-A4B144A29DFC}.Release|Any CPU.Build.0 = Release|Any CPU
		{F55A9012-E0E1-4881-96C8-6D9011A0199A}.Debug|Any CPU.ActiveCfg = Debug|Any CPU
		{F55A9012-E0E1-4881-96C8-6D9011A0199A}.Debug|Any CPU.Build.0 = Debug|Any CPU
		{F55A9012-E0E1-4881-96C8-6D9011A0199A}.Release|Any CPU.ActiveCfg = Release|Any CPU
		{F55A9012-E0E1-4881-96C8-6D9011A0199A}.Release|Any CPU.Build.0 = Release|Any CPU
		{017267EA-30D2-416E-8DD6-477F64D23109}.Debug|Any CPU.ActiveCfg = Debug|Any CPU
		{017267EA-30D2-416E-8DD6-477F64D23109}.Debug|Any CPU.Build.0 = Debug|Any CPU
		{017267EA-30D2-416E-8DD6-477F64D23109}.Release|Any CPU.ActiveCfg = Release|Any CPU
		{017267EA-30D2-416E-8DD6-477F64D23109}.Release|Any CPU.Build.0 = Release|Any CPU
		{381A36FB-26FE-4B2E-88C7-A7A668D67A0A}.Debug|Any CPU.ActiveCfg = Debug|Any CPU
		{381A36FB-26FE-4B2E-88C7-A7A668D67A0A}.Debug|Any CPU.Build.0 = Debug|Any CPU
		{381A36FB-26FE-4B2E-88C7-A7A668D67A0A}.Release|Any CPU.ActiveCfg = Release|Any CPU
		{381A36FB-26FE-4B2E-88C7-A7A668D67A0A}.Release|Any CPU.Build.0 = Release|Any CPU
		{E4B98A91-0461-4896-827C-F2BBA444ACD3}.Debug|Any CPU.ActiveCfg = Debug|Any CPU
		{E4B98A91-0461-4896-827C-F2BBA444ACD3}.Debug|Any CPU.Build.0 = Debug|Any CPU
		{E4B98A91-0461-4896-827C-F2BBA444ACD3}.Release|Any CPU.ActiveCfg = Release|Any CPU
		{E4B98A91-0461-4896-827C-F2BBA444ACD3}.Release|Any CPU.Build.0 = Release|Any CPU
		{9D223D61-EC2B-44F4-8BFD-2E0A2736577C}.Debug|Any CPU.ActiveCfg = Debug|Any CPU
		{9D223D61-EC2B-44F4-8BFD-2E0A2736577C}.Debug|Any CPU.Build.0 = Debug|Any CPU
		{9D223D61-EC2B-44F4-8BFD-2E0A2736577C}.Release|Any CPU.ActiveCfg = Release|Any CPU
		{9D223D61-EC2B-44F4-8BFD-2E0A2736577C}.Release|Any CPU.Build.0 = Release|Any CPU
	EndGlobalSection
	GlobalSection(SolutionProperties) = preSolution
		HideSolutionNode = FALSE
	EndGlobalSection
	GlobalSection(ExtensibilityGlobals) = postSolution
		SolutionGuid = {01D3B597-9BA6-4312-A7D2-D96B27A48BA5}
	EndGlobalSection
EndGlobal
